PODS:
  - Amplitude (8.19.1):
    - AnalyticsConnector (~> 1.0.0)
  - Analytics (4.1.6)
  - AnalyticsConnector (1.0.3)
  - AppsFlyerFramework (6.14.2):
    - AppsFlyerFramework/Main (= 6.14.2)
  - AppsFlyerFramework/Main (6.14.2)
  - Flutter (1.0.0)
  - flutter_segment (3.13.1):
    - Analytics (= 4.1.6)
    - Flutter
    - Segment-Amplitude (= 3.3.2)
    - segment-appsflyer-ios (= 6.14.2)
  - Segment-Amplitude (3.3.2):
    - Amplitude (~> 8.3)
    - Analytics
  - segment-appsflyer-ios (6.14.2):
    - Analytics
    - segment-appsflyer-ios/Main (= 6.14.2)
  - segment-appsflyer-ios/Main (6.14.2):
    - Analytics
    - AppsFlyerFramework (= 6.14.2)

DEPENDENCIES:
  - Flutter (from `Flutter`)
  - flutter_segment (from `.symlinks/plugins/flutter_segment/ios`)
  - segment-appsflyer-ios (from `https://github.com/Drafteame/segment-appsflyer-ios.git`, tag `6.14.2`)

SPEC REPOS:
  trunk:
    - Amplitude
    - Analytics
    - AnalyticsConnector
    - AppsFlyerFramework
    - Segment-Amplitude

EXTERNAL SOURCES:
  Flutter:
    :path: Flutter
  flutter_segment:
    :path: ".symlinks/plugins/flutter_segment/ios"
  segment-appsflyer-ios:
    :git: https://github.com/Drafteame/segment-appsflyer-ios.git
    :tag: 6.14.2

CHECKOUT OPTIONS:
  segment-appsflyer-ios:
    :git: https://github.com/Drafteame/segment-appsflyer-ios.git
    :tag: 6.14.2

SPEC CHECKSUMS:
  Amplitude: 8260687c17fe702bd0ae56c23f7a60207a7efd25
  Analytics: eefe524436f904b8bb3f8c8c3425280e43b34efc
  AnalyticsConnector: a53214d38ae22734c6266106c0492b37832633a9
  AppsFlyerFramework: b3de9a49c6af8a8e38c44603e468b5e207f22466
  Flutter: e0871f40cf51350855a761d2e70bf5af5b9b5de7
  flutter_segment: 91c05b4bfced08254b3138034ada8d1b5b681f97
  Segment-Amplitude: 6c1e59c8c278a21029ba7a6a788fcb31b9233a2c
  segment-appsflyer-ios: 800b03ddf925c2d1f37a3ba45615cb85101cef01

PODFILE CHECKSUM: 80ad04ebe7407cc11eee75d78a37bd475c7909ae

COCOAPODS: 1.15.2
